<?xml version="1.0" encoding="utf-8"?>
<Project ToolsVersion="4.0" xmlns="http://schemas.microsoft.com/developer/msbuild/2003">
  <ItemGroup>
    <ClCompile Include="src\main.cpp" />
    <ClCompile Include="src\entity\general\GameObject.cpp" />
    <ClCompile Include="src\Mesh.cpp" />
    <ClCompile Include="src\entity\primitives\Quad.cpp" />
    <ClCompile Include="src\shader\PhongShader.cpp" />
    <ClCompile Include="src\shader\Shader.cpp" />
    <ClCompile Include="src\entity\primitives\Cube.cpp" />
    <ClCompile Include="src\entity\Camera.cpp" />
    <ClCompile Include="src\parser\ObjParser.cpp" />
    <ClCompile Include="src\Game.cpp" />
    <ClCompile Include="src\entity\general\Entity.cpp" />
    <ClCompile Include="src\Lighting.cpp" />
    <ClCompile Include="src\Material.cpp" />
    <ClCompile Include="src\entity\lights\PointLight.cpp" />
    <ClCompile Include="src\entity\lights\SunLight.cpp" />
    <ClCompile Include="src\entity\primitives\Teapot.cpp" />
    <ClCompile Include="src\entity\lights\SpotLight.cpp" />
    <ClCompile Include="src\Texture.cpp" />
    <ClCompile Include="src\entity\Capacitor.cpp" />
    <ClCompile Include="src\debug\Debug.cpp" />
    <ClCompile Include="src\shader\NormalDebugShader.cpp" />
    <ClCompile Include="src\entity\C4.cpp" />
  </ItemGroup>
  <ItemGroup>
    <ClInclude Include="src\entity\general\object.h" />
    <ClInclude Include="src\entity\general\GameObject.h" />
    <ClInclude Include="src\Mesh.h" />
    <ClInclude Include="src\entity\primitives\Quad.h" />
    <ClInclude Include="src\shader\PhongShader.h" />
    <ClInclude Include="src\shader\Shader.h" />
    <ClInclude Include="src\entity\primitives\Cube.h" />
    <ClInclude Include="src\entity\Camera.h" />
    <ClInclude Include="src\Utils.h" />
    <ClInclude Include="src\parser\ObjParser.h" />
    <ClInclude Include="src\parser\ObjVertex.h" />
    <ClInclude Include="src\Game.h" />
    <ClInclude Include="src\entity\general\Entity.h" />
    <ClInclude Include="src\entity\lights\Light.h" />
    <ClInclude Include="src\Lighting.h" />
    <ClInclude Include="src\Material.h" />
    <ClInclude Include="src\entity\lights\PointLight.h" />
    <ClInclude Include="src\entity\lights\SunLight.h" />
    <ClInclude Include="src\entity\primitives\Teapot.h" />
    <ClInclude Include="src\entity\lights\SpotLight.h" />
    <ClInclude Include="src\Texture.h" />
    <ClInclude Include="src\entity\Capacitor.h" />
    <ClInclude Include="src\debug\Debug.h" />
    <ClInclude Include="src\shader\NormalDebugShader.h" />
    <ClInclude Include="src\entity\C4.h" />
  </ItemGroup>
  <ItemGroup>
    <Text Include="data\shaders\basicFrag.glsl" />
    <Text Include="data\shaders\basicVert.glsl" />
  </ItemGroup>
  <ItemGroup>
    <None Include="data\shaders\phongFrag.glsl" />
    <None Include="data\shaders\phongVert.glsl" />
    <None Include="data\shaders\normalDebugFrag.glsl" />
    <None Include="data\shaders\normalDebugGeo.glsl" />
    <None Include="data\shaders\normalDebugVert.glsl" />
  </ItemGroup>
</Project>