<?xml version="1.0" encoding="utf-8"?>
<Project ToolsVersion="4.0" xmlns="http://schemas.microsoft.com/developer/msbuild/2003">
  <ItemGroup>
    <ClCompile Include="src\main.cpp" />
    <ClCompile Include="src\entity\general\GameObject.cpp" />
    <ClCompile Include="src\mesh\Mesh.cpp" />
    <ClCompile Include="src\entity\primitives\Quad.cpp" />
    <ClCompile Include="src\shader\PhongShader.cpp" />
    <ClCompile Include="src\shader\Shader.cpp" />
    <ClCompile Include="src\entity\primitives\Cube.cpp" />
    <ClCompile Include="src\entity\Camera.cpp" />
    <ClCompile Include="src\parser\ObjParser.cpp" />
    <ClCompile Include="src\Lighting.cpp" />
    <ClCompile Include="src\Material.cpp" />
    <ClCompile Include="src\entity\lights\PointLight.cpp" />
    <ClCompile Include="src\entity\lights\SunLight.cpp" />
    <ClCompile Include="src\entity\primitives\Teapot.cpp" />
    <ClCompile Include="src\entity\lights\SpotLight.cpp" />
    <ClCompile Include="src\texture\Texture.cpp" />
    <ClCompile Include="src\entity\Capacitor.cpp" />
    <ClCompile Include="src\shader\NormalDebugShader.cpp" />
    <ClCompile Include="src\entity\C4.cpp" />
    <ClCompile Include="src\entity\TestSurface.cpp" />
    <ClCompile Include="src\texture\Cubemap.cpp" />
    <ClCompile Include="src\Skybox.cpp" />
    <ClCompile Include="src\shader\SkyboxShader.cpp" />
    <ClCompile Include="src\InputManager.cpp" />
    <ClCompile Include="C:\Users\Dan\Downloads\imgui-1.87\imgui-1.87\imgui.cpp" />
    <ClCompile Include="C:\Users\Dan\Downloads\imgui-1.87\imgui-1.87\imgui_demo.cpp" />
    <ClCompile Include="C:\Users\Dan\Downloads\imgui-1.87\imgui-1.87\imgui_draw.cpp" />
    <ClCompile Include="C:\Users\Dan\Downloads\imgui-1.87\imgui-1.87\imgui_tables.cpp" />
    <ClCompile Include="C:\Users\Dan\Downloads\imgui-1.87\imgui-1.87\imgui_widgets.cpp" />
    <ClCompile Include="imgui\imgui.cpp" />
    <ClCompile Include="imgui\imgui_demo.cpp" />
    <ClCompile Include="imgui\imgui_draw.cpp" />
    <ClCompile Include="imgui\imgui_impl_glut.cpp" />
    <ClCompile Include="imgui\imgui_impl_opengl3.cpp" />
    <ClCompile Include="imgui\imgui_tables.cpp" />
    <ClCompile Include="imgui\imgui_widgets.cpp" />
    <ClCompile Include="src\ui\ImGuiManager.cpp" />
    <ClCompile Include="src\scene\Scene.cpp" />
    <ClCompile Include="src\scene\SceneNode.cpp" />
    <ClCompile Include="src\entity\general\Transform.cpp" />
    <ClCompile Include="src\shader\GrassShader.cpp" />
    <ClCompile Include="src\entity\general\Entity.cpp" />
    <ClCompile Include="src\Game.cpp" />
    <ClCompile Include="src\entity\Airship.cpp" />
    <ClCompile Include="src\entity\Islands.cpp" />
    <ClCompile Include="src\entity\general\Empty.cpp" />
    <ClCompile Include="src\entity\animation\RotateEmpty.cpp" />
    <ClCompile Include="src\entity\primitives\Billboard.cpp" />
    <ClCompile Include="src\entity\primitives\Axes.cpp" />
    <ClCompile Include="src\entity\primitives\Arrow.cpp" />
    <ClCompile Include="src\entity\Waterfall.cpp" />
    <ClCompile Include="src\entity\lights\CampfireGlow.cpp" />
    <ClCompile Include="src\entity\lights\Light.cpp" />
    <ClCompile Include="src\scene\IslandScene.cpp" />
    <ClCompile Include="src\texture\TextureManager.cpp" />
    <ClCompile Include="src\mesh\MeshManager.cpp" />
  </ItemGroup>
  <ItemGroup>
    <ClInclude Include="src\entity\general\GameObject.h" />
    <ClInclude Include="src\mesh\Mesh.h" />
    <ClInclude Include="src\entity\primitives\Quad.h" />
    <ClInclude Include="src\shader\PhongShader.h" />
    <ClInclude Include="src\shader\Shader.h" />
    <ClInclude Include="src\entity\primitives\Cube.h" />
    <ClInclude Include="src\entity\Camera.h" />
    <ClInclude Include="src\Utils.h" />
    <ClInclude Include="src\parser\ObjParser.h" />
    <ClInclude Include="src\parser\ObjVertex.h" />
    <ClInclude Include="src\Game.h" />
    <ClInclude Include="src\entity\general\Entity.h" />
    <ClInclude Include="src\entity\lights\Light.h" />
    <ClInclude Include="src\Lighting.h" />
    <ClInclude Include="src\Material.h" />
    <ClInclude Include="src\entity\lights\PointLight.h" />
    <ClInclude Include="src\entity\lights\SunLight.h" />
    <ClInclude Include="src\entity\primitives\Teapot.h" />
    <ClInclude Include="src\entity\lights\SpotLight.h" />
    <ClInclude Include="src\texture\Texture.h" />
    <ClInclude Include="src\entity\Capacitor.h" />
    <ClInclude Include="src\shader\NormalDebugShader.h" />
    <ClInclude Include="src\entity\C4.h" />
    <ClInclude Include="src\entity\general\Transform.h" />
    <ClInclude Include="src\entity\TestSurface.h" />
    <ClInclude Include="src\texture\Cubemap.h" />
    <ClInclude Include="src\Skybox.h" />
    <ClInclude Include="src\shader\SkyboxShader.h" />
    <ClInclude Include="src\InputManager.h" />
    <ClInclude Include="C:\Users\Dan\Downloads\imgui-1.87\imgui-1.87\imconfig.h" />
    <ClInclude Include="C:\Users\Dan\Downloads\imgui-1.87\imgui-1.87\imgui.h" />
    <ClInclude Include="C:\Users\Dan\Downloads\imgui-1.87\imgui-1.87\imgui_internal.h" />
    <ClInclude Include="C:\Users\Dan\Downloads\imgui-1.87\imgui-1.87\imstb_rectpack.h" />
    <ClInclude Include="C:\Users\Dan\Downloads\imgui-1.87\imgui-1.87\imstb_textedit.h" />
    <ClInclude Include="C:\Users\Dan\Downloads\imgui-1.87\imgui-1.87\imstb_truetype.h" />
    <ClInclude Include="imgui\imconfig.h" />
    <ClInclude Include="imgui\imgui.h" />
    <ClInclude Include="imgui\imgui_impl_glut.h" />
    <ClInclude Include="imgui\imgui_impl_opengl3.h" />
    <ClInclude Include="imgui\imgui_internal.h" />
    <ClInclude Include="imgui\imstb_rectpack.h" />
    <ClInclude Include="imgui\imstb_textedit.h" />
    <ClInclude Include="imgui\imstb_truetype.h" />
    <ClInclude Include="imgui\imgui_impl_opengl3_loader.h" />
    <ClInclude Include="src\ui\ImGuiManager.h" />
    <ClInclude Include="src\scene\Scene.h" />
    <ClInclude Include="src\scene\SceneNode.h" />
    <ClInclude Include="src\shader\GrassShader.h" />
    <ClInclude Include="src\entity\Airship.h" />
    <ClInclude Include="src\texture\TextureSet.h" />
    <ClInclude Include="src\entity\Islands.h" />
    <ClInclude Include="src\entity\general\Empty.h" />
    <ClInclude Include="src\entity\animation\RotateEmpty.h" />
    <ClInclude Include="src\entity\primitives\Billboard.h" />
    <ClInclude Include="src\entity\primitives\Axes.h" />
    <ClInclude Include="src\entity\primitives\Arrow.h" />
    <ClInclude Include="src\entity\Waterfall.h" />
    <ClInclude Include="src\entity\lights\CampfireGlow.h" />
    <ClInclude Include="src\scene\IslandScene.h" />
    <ClInclude Include="src\texture\TextureManager.h" />
    <ClInclude Include="src\mesh\MeshManager.h" />
  </ItemGroup>
  <ItemGroup>
    <Text Include="data\shaders\basicFrag.glsl" />
    <Text Include="data\shaders\basicVert.glsl" />
    <Text Include="data\shaders\grassVert.glsl" />
  </ItemGroup>
  <ItemGroup>
    <None Include="data\shaders\phongFrag.glsl" />
    <None Include="data\shaders\phongVert.glsl" />
    <None Include="data\shaders\normalDebugFrag.glsl" />
    <None Include="data\shaders\normalDebugGeo.glsl" />
    <None Include="data\shaders\normalDebugVert.glsl" />
    <None Include="data\shaders\skyboxVert.glsl" />
    <None Include="data\shaders\skyboxFrag.glsl" />
  </ItemGroup>
</Project>