<?xml version="1.0" encoding="utf-8"?>
<Project ToolsVersion="4.0" xmlns="http://schemas.microsoft.com/developer/msbuild/2003">
  <ItemGroup>
    <ClCompile Include="src\main.cpp" />
    <ClCompile Include="src\entity\general\GameObject.cpp" />
    <ClCompile Include="src\entity\general\MeshGeometry.cpp" />
    <ClCompile Include="src\entity\Quad.cpp" />
    <ClCompile Include="src\shader\PhongShader.cpp" />
    <ClCompile Include="src\shader\Shader.cpp" />
    <ClCompile Include="src\entity\Cube.cpp" />
    <ClCompile Include="src\Camera.cpp" />
    <ClCompile Include="src\parser\ObjParser.cpp" />
  </ItemGroup>
  <ItemGroup>
    <ClInclude Include="object.h" />
    <ClInclude Include="src\entity\general\GameObject.h" />
    <ClInclude Include="src\entity\general\MeshGeometry.h" />
    <ClInclude Include="src\entity\Quad.h" />
    <ClInclude Include="src\shader\PhongShader.h" />
    <ClInclude Include="src\shader\Shader.h" />
    <ClInclude Include="src\entity\Cube.h" />
    <ClInclude Include="src\Camera.h" />
    <ClInclude Include="src\Utils.h" />
    <ClInclude Include="src\parser\ObjParser.h" />
    <ClInclude Include="src\parser\ObjVertex.h" />
  </ItemGroup>
  <ItemGroup>
    <Text Include="data\shaders\basicFrag.glsl" />
    <Text Include="data\shaders\basicVert.glsl" />
  </ItemGroup>
  <ItemGroup>
    <None Include="data\shaders\phongFrag.glsl" />
    <None Include="data\shaders\phongVert.glsl" />
  </ItemGroup>
</Project>